
Microsoft Visual Studio Solution File, Format Version 12.00
# Visual Studio 14
VisualStudioVersion = 14.0.24720.0
MinimumVisualStudioVersion = 10.0.40219.1
Project("{FAE04EC0-301F-11D3-BF4B-00C04F79EFBC}") = "CarouselBarSample.Droid", "CarouselBarSample\CarouselBarSample.Droid\CarouselBarSample.Droid.csproj", "{E33B0D48-80E3-4538-B193-C69D1FF4E196}"
EndProject
Project("{FAE04EC0-301F-11D3-BF4B-00C04F79EFBC}") = "CarouselBarSample.iOS", "CarouselBarSample\CarouselBarSample.iOS\CarouselBarSample.iOS.csproj", "{E3731117-04C1-45A3-80B5-505F54D2ABFF}"
EndProject
Project("{FAE04EC0-301F-11D3-BF4B-00C04F79EFBC}") = "CarouselBarSample", "CarouselBarSample\CarouselBarSample\CarouselBarSample.csproj", "{CC371DBA-BF4B-4671-A9AB-71558A84B270}"
EndProject
Global
	GlobalSection(SolutionConfigurationPlatforms) = preSolution
		Ad-Hoc|Any CPU = Ad-Hoc|Any CPU
		Ad-Hoc|ARM = Ad-Hoc|ARM
		Ad-Hoc|iPhone = Ad-Hoc|iPhone
		Ad-Hoc|iPhoneSimulator = Ad-Hoc|iPhoneSimulator
		Ad-Hoc|x64 = Ad-Hoc|x64
		Ad-Hoc|x86 = Ad-Hoc|x86
		AppStore|Any CPU = AppStore|Any CPU
		AppStore|ARM = AppStore|ARM
		AppStore|iPhone = AppStore|iPhone
		AppStore|iPhoneSimulator = AppStore|iPhoneSimulator
		AppStore|x64 = AppStore|x64
		AppStore|x86 = AppStore|x86
		Debug|Any CPU = Debug|Any CPU
		Debug|ARM = Debug|ARM
		Debug|iPhone = Debug|iPhone
		Debug|iPhoneSimulator = Debug|iPhoneSimulator
		Debug|x64 = Debug|x64
		Debug|x86 = Debug|x86
		Release|Any CPU = Release|Any CPU
		Release|ARM = Release|ARM
		Release|iPhone = Release|iPhone
		Release|iPhoneSimulator = Release|iPhoneSimulator
		Release|x64 = Release|x64
		Release|x86 = Release|x86
	EndGlobalSection
	GlobalSection(ProjectConfigurationPlatforms) = postSolution
		{E33B0D48-80E3-4538-B193-C69D1FF4E196}.Ad-Hoc|Any CPU.ActiveCfg = Release|Any CPU
		{E33B0D48-80E3-4538-B193-C69D1FF4E196}.Ad-Hoc|Any CPU.Build.0 = Release|Any CPU
		{E33B0D48-80E3-4538-B193-C69D1FF4E196}.Ad-Hoc|Any CPU.Deploy.0 = Release|Any CPU
		{E33B0D48-80E3-4538-B193-C69D1FF4E196}.Ad-Hoc|ARM.ActiveCfg = Release|Any CPU
		{E33B0D48-80E3-4538-B193-C69D1FF4E196}.Ad-Hoc|ARM.Build.0 = Release|Any CPU
		{E33B0D48-80E3-4538-B193-C69D1FF4E196}.Ad-Hoc|ARM.Deploy.0 = Release|Any CPU
		{E33B0D48-80E3-4538-B193-C69D1FF4E196}.Ad-Hoc|iPhone.ActiveCfg = Release|Any CPU
		{E33B0D48-80E3-4538-B193-C69D1FF4E196}.Ad-Hoc|iPhone.Build.0 = Release|Any CPU
		{E33B0D48-80E3-4538-B193-C69D1FF4E196}.Ad-Hoc|iPhone.Deploy.0 = Release|Any CPU
		{E33B0D48-80E3-4538-B193-C69D1FF4E196}.Ad-Hoc|iPhoneSimulator.ActiveCfg = Release|Any CPU
		{E33B0D48-80E3-4538-B193-C69D1FF4E196}.Ad-Hoc|iPhoneSimulator.Build.0 = Release|Any CPU
		{E33B0D48-80E3-4538-B193-C69D1FF4E196}.Ad-Hoc|iPhoneSimulator.Deploy.0 = Release|Any CPU
		{E33B0D48-80E3-4538-B193-C69D1FF4E196}.Ad-Hoc|x64.ActiveCfg = Release|Any CPU
		{E33B0D48-80E3-4538-B193-C69D1FF4E196}.Ad-Hoc|x64.Build.0 = Release|Any CPU
		{E33B0D48-80E3-4538-B193-C69D1FF4E196}.Ad-Hoc|x64.Deploy.0 = Release|Any CPU
		{E33B0D48-80E3-4538-B193-C69D1FF4E196}.Ad-Hoc|x86.ActiveCfg = Release|Any CPU
		{E33B0D48-80E3-4538-B193-C69D1FF4E196}.Ad-Hoc|x86.Build.0 = Release|Any CPU
		{E33B0D48-80E3-4538-B193-C69D1FF4E196}.Ad-Hoc|x86.Deploy.0 = Release|Any CPU
		{E33B0D48-80E3-4538-B193-C69D1FF4E196}.AppStore|Any CPU.ActiveCfg = Release|Any CPU
		{E33B0D48-80E3-4538-B193-C69D1FF4E196}.AppStore|Any CPU.Build.0 = Release|Any CPU
		{E33B0D48-80E3-4538-B193-C69D1FF4E196}.AppStore|Any CPU.Deploy.0 = Release|Any CPU
		{E33B0D48-80E3-4538-B193-C69D1FF4E196}.AppStore|ARM.ActiveCfg = Release|Any CPU
		{E33B0D48-80E3-4538-B193-C69D1FF4E196}.AppStore|ARM.Build.0 = Release|Any CPU
		{E33B0D48-80E3-4538-B193-C69D1FF4E196}.AppStore|ARM.Deploy.0 = Release|Any CPU
		{E33B0D48-80E3-4538-B193-C69D1FF4E196}.AppStore|iPhone.ActiveCfg = Release|Any CPU
		{E33B0D48-80E3-4538-B193-C69D1FF4E196}.AppStore|iPhone.Build.0 = Release|Any CPU
		{E33B0D48-80E3-4538-B193-C69D1FF4E196}.AppStore|iPhone.Deploy.0 = Release|Any CPU
		{E33B0D48-80E3-4538-B193-C69D1FF4E196}.AppStore|iPhoneSimulator.ActiveCfg = Release|Any CPU
		{E33B0D48-80E3-4538-B193-C69D1FF4E196}.AppStore|iPhoneSimulator.Build.0 = Release|Any CPU
		{E33B0D48-80E3-4538-B193-C69D1FF4E196}.AppStore|iPhoneSimulator.Deploy.0 = Release|Any CPU
		{E33B0D48-80E3-4538-B193-C69D1FF4E196}.AppStore|x64.ActiveCfg = Release|Any CPU
		{E33B0D48-80E3-4538-B193-C69D1FF4E196}.AppStore|x64.Build.0 = Release|Any CPU
		{E33B0D48-80E3-4538-B193-C69D1FF4E196}.AppStore|x64.Deploy.0 = Release|Any CPU
		{E33B0D48-80E3-4538-B193-C69D1FF4E196}.AppStore|x86.ActiveCfg = Release|Any CPU
		{E33B0D48-80E3-4538-B193-C69D1FF4E196}.AppStore|x86.Build.0 = Release|Any CPU
		{E33B0D48-80E3-4538-B193-C69D1FF4E196}.AppStore|x86.Deploy.0 = Release|Any CPU
		{E33B0D48-80E3-4538-B193-C69D1FF4E196}.Debug|Any CPU.ActiveCfg = Debug|Any CPU
		{E33B0D48-80E3-4538-B193-C69D1FF4E196}.Debug|Any CPU.Build.0 = Debug|Any CPU
		{E33B0D48-80E3-4538-B193-C69D1FF4E196}.Debug|Any CPU.Deploy.0 = Debug|Any CPU
		{E33B0D48-80E3-4538-B193-C69D1FF4E196}.Debug|ARM.ActiveCfg = Debug|Any CPU
		{E33B0D48-80E3-4538-B193-C69D1FF4E196}.Debug|ARM.Build.0 = Debug|Any CPU
		{E33B0D48-80E3-4538-B193-C69D1FF4E196}.Debug|ARM.Deploy.0 = Debug|Any CPU
		{E33B0D48-80E3-4538-B193-C69D1FF4E196}.Debug|iPhone.ActiveCfg = Debug|Any CPU
		{E33B0D48-80E3-4538-B193-C69D1FF4E196}.Debug|iPhone.Build.0 = Debug|Any CPU
		{E33B0D48-80E3-4538-B193-C69D1FF4E196}.Debug|iPhone.Deploy.0 = Debug|Any CPU
		{E33B0D48-80E3-4538-B193-C69D1FF4E196}.Debug|iPhoneSimulator.ActiveCfg = Debug|Any CPU
		{E33B0D48-80E3-4538-B193-C69D1FF4E196}.Debug|iPhoneSimulator.Build.0 = Debug|Any CPU
		{E33B0D48-80E3-4538-B193-C69D1FF4E196}.Debug|iPhoneSimulator.Deploy.0 = Debug|Any CPU
		{E33B0D48-80E3-4538-B193-C69D1FF4E196}.Debug|x64.ActiveCfg = Debug|Any CPU
		{E33B0D48-80E3-4538-B193-C69D1FF4E196}.Debug|x64.Build.0 = Debug|Any CPU
		{E33B0D48-80E3-4538-B193-C69D1FF4E196}.Debug|x64.Deploy.0 = Debug|Any CPU
		{E33B0D48-80E3-4538-B193-C69D1FF4E196}.Debug|x86.ActiveCfg = Debug|Any CPU
		{E33B0D48-80E3-4538-B193-C69D1FF4E196}.Debug|x86.Build.0 = Debug|Any CPU
		{E33B0D48-80E3-4538-B193-C69D1FF4E196}.Debug|x86.Deploy.0 = Debug|Any CPU
		{E33B0D48-80E3-4538-B193-C69D1FF4E196}.Release|Any CPU.ActiveCfg = Release|Any CPU
		{E33B0D48-80E3-4538-B193-C69D1FF4E196}.Release|Any CPU.Build.0 = Release|Any CPU
		{E33B0D48-80E3-4538-B193-C69D1FF4E196}.Release|Any CPU.Deploy.0 = Release|Any CPU
		{E33B0D48-80E3-4538-B193-C69D1FF4E196}.Release|ARM.ActiveCfg = Release|Any CPU
		{E33B0D48-80E3-4538-B193-C69D1FF4E196}.Release|ARM.Build.0 = Release|Any CPU
		{E33B0D48-80E3-4538-B193-C69D1FF4E196}.Release|ARM.Deploy.0 = Release|Any CPU
		{E33B0D48-80E3-4538-B193-C69D1FF4E196}.Release|iPhone.ActiveCfg = Release|Any CPU
		{E33B0D48-80E3-4538-B193-C69D1FF4E196}.Release|iPhone.Build.0 = Release|Any CPU
		{E33B0D48-80E3-4538-B193-C69D1FF4E196}.Release|iPhone.Deploy.0 = Release|Any CPU
		{E33B0D48-80E3-4538-B193-C69D1FF4E196}.Release|iPhoneSimulator.ActiveCfg = Release|Any CPU
		{E33B0D48-80E3-4538-B193-C69D1FF4E196}.Release|iPhoneSimulator.Build.0 = Release|Any CPU
		{E33B0D48-80E3-4538-B193-C69D1FF4E196}.Release|iPhoneSimulator.Deploy.0 = Release|Any CPU
		{E33B0D48-80E3-4538-B193-C69D1FF4E196}.Release|x64.ActiveCfg = Release|Any CPU
		{E33B0D48-80E3-4538-B193-C69D1FF4E196}.Release|x64.Build.0 = Release|Any CPU
		{E33B0D48-80E3-4538-B193-C69D1FF4E196}.Release|x64.Deploy.0 = Release|Any CPU
		{E33B0D48-80E3-4538-B193-C69D1FF4E196}.Release|x86.ActiveCfg = Release|Any CPU
		{E33B0D48-80E3-4538-B193-C69D1FF4E196}.Release|x86.Build.0 = Release|Any CPU
		{E33B0D48-80E3-4538-B193-C69D1FF4E196}.Release|x86.Deploy.0 = Release|Any CPU
		{E3731117-04C1-45A3-80B5-505F54D2ABFF}.Ad-Hoc|Any CPU.ActiveCfg = Ad-Hoc|iPhone
		{E3731117-04C1-45A3-80B5-505F54D2ABFF}.Ad-Hoc|ARM.ActiveCfg = Ad-Hoc|iPhone
		{E3731117-04C1-45A3-80B5-505F54D2ABFF}.Ad-Hoc|iPhone.ActiveCfg = Ad-Hoc|iPhone
		{E3731117-04C1-45A3-80B5-505F54D2ABFF}.Ad-Hoc|iPhone.Build.0 = Ad-Hoc|iPhone
		{E3731117-04C1-45A3-80B5-505F54D2ABFF}.Ad-Hoc|iPhoneSimulator.ActiveCfg = Ad-Hoc|iPhoneSimulator
		{E3731117-04C1-45A3-80B5-505F54D2ABFF}.Ad-Hoc|iPhoneSimulator.Build.0 = Ad-Hoc|iPhoneSimulator
		{E3731117-04C1-45A3-80B5-505F54D2ABFF}.Ad-Hoc|x64.ActiveCfg = Ad-Hoc|iPhone
		{E3731117-04C1-45A3-80B5-505F54D2ABFF}.Ad-Hoc|x86.ActiveCfg = Ad-Hoc|iPhone
		{E3731117-04C1-45A3-80B5-505F54D2ABFF}.AppStore|Any CPU.ActiveCfg = AppStore|iPhone
		{E3731117-04C1-45A3-80B5-505F54D2ABFF}.AppStore|ARM.ActiveCfg = AppStore|iPhone
		{E3731117-04C1-45A3-80B5-505F54D2ABFF}.AppStore|iPhone.ActiveCfg = AppStore|iPhone
		{E3731117-04C1-45A3-80B5-505F54D2ABFF}.AppStore|iPhone.Build.0 = AppStore|iPhone
		{E3731117-04C1-45A3-80B5-505F54D2ABFF}.AppStore|iPhoneSimulator.ActiveCfg = AppStore|iPhoneSimulator
		{E3731117-04C1-45A3-80B5-505F54D2ABFF}.AppStore|iPhoneSimulator.Build.0 = AppStore|iPhoneSimulator
		{E3731117-04C1-45A3-80B5-505F54D2ABFF}.AppStore|x64.ActiveCfg = AppStore|iPhone
		{E3731117-04C1-45A3-80B5-505F54D2ABFF}.AppStore|x86.ActiveCfg = AppStore|iPhone
		{E3731117-04C1-45A3-80B5-505F54D2ABFF}.Debug|Any CPU.ActiveCfg = Debug|iPhone
		{E3731117-04C1-45A3-80B5-505F54D2ABFF}.Debug|ARM.ActiveCfg = Debug|iPhone
		{E3731117-04C1-45A3-80B5-505F54D2ABFF}.Debug|iPhone.ActiveCfg = Debug|iPhone
		{E3731117-04C1-45A3-80B5-505F54D2ABFF}.Debug|iPhone.Build.0 = Debug|iPhone
		{E3731117-04C1-45A3-80B5-505F54D2ABFF}.Debug|iPhoneSimulator.ActiveCfg = Debug|iPhoneSimulator
		{E3731117-04C1-45A3-80B5-505F54D2ABFF}.Debug|iPhoneSimulator.Build.0 = Debug|iPhoneSimulator
		{E3731117-04C1-45A3-80B5-505F54D2ABFF}.Debug|x64.ActiveCfg = Debug|iPhone
		{E3731117-04C1-45A3-80B5-505F54D2ABFF}.Debug|x86.ActiveCfg = Debug|iPhone
		{E3731117-04C1-45A3-80B5-505F54D2ABFF}.Release|Any CPU.ActiveCfg = Release|iPhone
		{E3731117-04C1-45A3-80B5-505F54D2ABFF}.Release|ARM.ActiveCfg = Release|iPhone
		{E3731117-04C1-45A3-80B5-505F54D2ABFF}.Release|iPhone.ActiveCfg = Release|iPhone
		{E3731117-04C1-45A3-80B5-505F54D2ABFF}.Release|iPhone.Build.0 = Release|iPhone
		{E3731117-04C1-45A3-80B5-505F54D2ABFF}.Release|iPhoneSimulator.ActiveCfg = Release|iPhoneSimulator
		{E3731117-04C1-45A3-80B5-505F54D2ABFF}.Release|iPhoneSimulator.Build.0 = Release|iPhoneSimulator
		{E3731117-04C1-45A3-80B5-505F54D2ABFF}.Release|x64.ActiveCfg = Release|iPhone
		{E3731117-04C1-45A3-80B5-505F54D2ABFF}.Release|x86.ActiveCfg = Release|iPhone
		{CC371DBA-BF4B-4671-A9AB-71558A84B270}.Ad-Hoc|Any CPU.ActiveCfg = Release|Any CPU
		{CC371DBA-BF4B-4671-A9AB-71558A84B270}.Ad-Hoc|Any CPU.Build.0 = Release|Any CPU
		{CC371DBA-BF4B-4671-A9AB-71558A84B270}.Ad-Hoc|ARM.ActiveCfg = Release|Any CPU
		{CC371DBA-BF4B-4671-A9AB-71558A84B270}.Ad-Hoc|ARM.Build.0 = Release|Any CPU
		{CC371DBA-BF4B-4671-A9AB-71558A84B270}.Ad-Hoc|iPhone.ActiveCfg = Release|Any CPU
		{CC371DBA-BF4B-4671-A9AB-71558A84B270}.Ad-Hoc|iPhone.Build.0 = Release|Any CPU
		{CC371DBA-BF4B-4671-A9AB-71558A84B270}.Ad-Hoc|iPhoneSimulator.ActiveCfg = Release|Any CPU
		{CC371DBA-BF4B-4671-A9AB-71558A84B270}.Ad-Hoc|iPhoneSimulator.Build.0 = Release|Any CPU
		{CC371DBA-BF4B-4671-A9AB-71558A84B270}.Ad-Hoc|x64.ActiveCfg = Release|Any CPU
		{CC371DBA-BF4B-4671-A9AB-71558A84B270}.Ad-Hoc|x64.Build.0 = Release|Any CPU
		{CC371DBA-BF4B-4671-A9AB-71558A84B270}.Ad-Hoc|x86.ActiveCfg = Release|Any CPU
		{CC371DBA-BF4B-4671-A9AB-71558A84B270}.Ad-Hoc|x86.Build.0 = Release|Any CPU
		{CC371DBA-BF4B-4671-A9AB-71558A84B270}.AppStore|Any CPU.ActiveCfg = Release|Any CPU
		{CC371DBA-BF4B-4671-A9AB-71558A84B270}.AppStore|Any CPU.Build.0 = Release|Any CPU
		{CC371DBA-BF4B-4671-A9AB-71558A84B270}.AppStore|ARM.ActiveCfg = Release|Any CPU
		{CC371DBA-BF4B-4671-A9AB-71558A84B270}.AppStore|ARM.Build.0 = Release|Any CPU
		{CC371DBA-BF4B-4671-A9AB-71558A84B270}.AppStore|iPhone.ActiveCfg = Release|Any CPU
		{CC371DBA-BF4B-4671-A9AB-71558A84B270}.AppStore|iPhone.Build.0 = Release|Any CPU
		{CC371DBA-BF4B-4671-A9AB-71558A84B270}.AppStore|iPhoneSimulator.ActiveCfg = Release|Any CPU
		{CC371DBA-BF4B-4671-A9AB-71558A84B270}.AppStore|iPhoneSimulator.Build.0 = Release|Any CPU
		{CC371DBA-BF4B-4671-A9AB-71558A84B270}.AppStore|x64.ActiveCfg = Release|Any CPU
		{CC371DBA-BF4B-4671-A9AB-71558A84B270}.AppStore|x64.Build.0 = Release|Any CPU
		{CC371DBA-BF4B-4671-A9AB-71558A84B270}.AppStore|x86.ActiveCfg = Release|Any CPU
		{CC371DBA-BF4B-4671-A9AB-71558A84B270}.AppStore|x86.Build.0 = Release|Any CPU
		{CC371DBA-BF4B-4671-A9AB-71558A84B270}.Debug|Any CPU.ActiveCfg = Debug|Any CPU
		{CC371DBA-BF4B-4671-A9AB-71558A84B270}.Debug|Any CPU.Build.0 = Debug|Any CPU
		{CC371DBA-BF4B-4671-A9AB-71558A84B270}.Debug|ARM.ActiveCfg = Debug|Any CPU
		{CC371DBA-BF4B-4671-A9AB-71558A84B270}.Debug|ARM.Build.0 = Debug|Any CPU
		{CC371DBA-BF4B-4671-A9AB-71558A84B270}.Debug|iPhone.ActiveCfg = Debug|Any CPU
		{CC371DBA-BF4B-4671-A9AB-71558A84B270}.Debug|iPhone.Build.0 = Debug|Any CPU
		{CC371DBA-BF4B-4671-A9AB-71558A84B270}.Debug|iPhoneSimulator.ActiveCfg = Debug|Any CPU
		{CC371DBA-BF4B-4671-A9AB-71558A84B270}.Debug|iPhoneSimulator.Build.0 = Debug|Any CPU
		{CC371DBA-BF4B-4671-A9AB-71558A84B270}.Debug|x64.ActiveCfg = Debug|Any CPU
		{CC371DBA-BF4B-4671-A9AB-71558A84B270}.Debug|x64.Build.0 = Debug|Any CPU
		{CC371DBA-BF4B-4671-A9AB-71558A84B270}.Debug|x86.ActiveCfg = Debug|Any CPU
		{CC371DBA-BF4B-4671-A9AB-71558A84B270}.Debug|x86.Build.0 = Debug|Any CPU
		{CC371DBA-BF4B-4671-A9AB-71558A84B270}.Release|Any CPU.ActiveCfg = Release|Any CPU
		{CC371DBA-BF4B-4671-A9AB-71558A84B270}.Release|Any CPU.Build.0 = Release|Any CPU
		{CC371DBA-BF4B-4671-A9AB-71558A84B270}.Release|ARM.ActiveCfg = Release|Any CPU
		{CC371DBA-BF4B-4671-A9AB-71558A84B270}.Release|ARM.Build.0 = Release|Any CPU
		{CC371DBA-BF4B-4671-A9AB-71558A84B270}.Release|iPhone.ActiveCfg = Release|Any CPU
		{CC371DBA-BF4B-4671-A9AB-71558A84B270}.Release|iPhone.Build.0 = Release|Any CPU
		{CC371DBA-BF4B-4671-A9AB-71558A84B270}.Release|iPhoneSimulator.ActiveCfg = Release|Any CPU
		{CC371DBA-BF4B-4671-A9AB-71558A84B270}.Release|iPhoneSimulator.Build.0 = Release|Any CPU
		{CC371DBA-BF4B-4671-A9AB-71558A84B270}.Release|x64.ActiveCfg = Release|Any CPU
		{CC371DBA-BF4B-4671-A9AB-71558A84B270}.Release|x64.Build.0 = Release|Any CPU
		{CC371DBA-BF4B-4671-A9AB-71558A84B270}.Release|x86.ActiveCfg = Release|Any CPU
		{CC371DBA-BF4B-4671-A9AB-71558A84B270}.Release|x86.Build.0 = Release|Any CPU
	EndGlobalSection
	GlobalSection(SolutionProperties) = preSolution
		HideSolutionNode = FALSE
	EndGlobalSection
EndGlobal
